
Microsoft Visual Studio Solution File, Format Version 12.00
# Visual Studio Version 17
VisualStudioVersion = 17.14.36310.24 d17.14
MinimumVisualStudioVersion = 10.0.40219.1
Project("{FAE04EC0-301F-11D3-BF4B-00C04F79EFBC}") = "WP_Hafta2_1", "WP_Hafta2_1\WP_Hafta2_1.csproj", "{EE77B086-B28E-4F0B-84E5-428CA6A2D90B}"
EndProject
Global
	GlobalSection(SolutionConfigurationPlatforms) = preSolution
		Debug|Any CPU = Debug|Any CPU
		Release|Any CPU = Release|Any CPU
	EndGlobalSection
	GlobalSection(ProjectConfigurationPlatforms) = postSolution
		{EE77B086-B28E-4F0B-84E5-428CA6A2D90B}.Debug|Any CPU.ActiveCfg = Debug|Any CPU
		{EE77B086-B28E-4F0B-84E5-428CA6A2D90B}.Debug|Any CPU.Build.0 = Debug|Any CPU
		{EE77B086-B28E-4F0B-84E5-428CA6A2D90B}.Release|Any CPU.ActiveCfg = Release|Any CPU
		{EE77B086-B28E-4F0B-84E5-428CA6A2D90B}.Release|Any CPU.Build.0 = Release|Any CPU
	EndGlobalSection
	GlobalSection(SolutionProperties) = preSolution
		HideSolutionNode = FALSE
	EndGlobalSection
	GlobalSection(ExtensibilityGlobals) = postSolution
		SolutionGuid = {6DB04D92-1E4C-4BE0-A00C-EB5D92320410}
	EndGlobalSection
EndGlobal
